
Microsoft Visual Studio Solution File, Format Version 12.00
# Visual Studio 15
VisualStudioVersion = 15.0.28307.539
MinimumVisualStudioVersion = 10.0.40219.1
Project("{FAE04EC0-301F-11D3-BF4B-00C04F79EFBC}") = "SscPublish", "SscPublish\SscPublish.csproj", "{20606B0E-938D-4010-BD9A-8CE4097093C9}"
EndProject
Global
	GlobalSection(SolutionConfigurationPlatforms) = preSolution
		Debug|Any CPU = Debug|Any CPU
		Release|Any CPU = Release|Any CPU
	EndGlobalSection
	GlobalSection(ProjectConfigurationPlatforms) = postSolution
		{20606B0E-938D-4010-BD9A-8CE4097093C9}.Debug|Any CPU.ActiveCfg = Debug|Any CPU
		{20606B0E-938D-4010-BD9A-8CE4097093C9}.Debug|Any CPU.Build.0 = Debug|Any CPU
		{20606B0E-938D-4010-BD9A-8CE4097093C9}.Release|Any CPU.ActiveCfg = Release|Any CPU
		{20606B0E-938D-4010-BD9A-8CE4097093C9}.Release|Any CPU.Build.0 = Release|Any CPU
	EndGlobalSection
	GlobalSection(SolutionProperties) = preSolution
		HideSolutionNode = FALSE
	EndGlobalSection
	GlobalSection(ExtensibilityGlobals) = postSolution
		SolutionGuid = {89746901-45B1-4406-B762-DF75D2B2CB54}
	EndGlobalSection
EndGlobal
